
Microsoft Visual Studio Solution File, Format Version 12.00
# Visual Studio Version 17
VisualStudioVersion = 17.10.35122.118
MinimumVisualStudioVersion = 10.0.40219.1
Project("{FAE04EC0-301F-11D3-BF4B-00C04F79EFBC}") = "BaiThucHanh1", "BaiThucHanh1.csproj", "{976DAF5C-4130-44EE-BA39-FEDBEC449F9E}"
EndProject
Global
	GlobalSection(SolutionConfigurationPlatforms) = preSolution
		Debug|Any CPU = Debug|Any CPU
		Release|Any CPU = Release|Any CPU
	EndGlobalSection
	GlobalSection(ProjectConfigurationPlatforms) = postSolution
		{976DAF5C-4130-44EE-BA39-FEDBEC449F9E}.Debug|Any CPU.ActiveCfg = Debug|Any CPU
		{976DAF5C-4130-44EE-BA39-FEDBEC449F9E}.Debug|Any CPU.Build.0 = Debug|Any CPU
		{976DAF5C-4130-44EE-BA39-FEDBEC449F9E}.Release|Any CPU.ActiveCfg = Release|Any CPU
		{976DAF5C-4130-44EE-BA39-FEDBEC449F9E}.Release|Any CPU.Build.0 = Release|Any CPU
	EndGlobalSection
	GlobalSection(SolutionProperties) = preSolution
		HideSolutionNode = FALSE
	EndGlobalSection
	GlobalSection(ExtensibilityGlobals) = postSolution
		SolutionGuid = {D5101988-F7C8-4E47-B7AD-412B245ADA16}
	EndGlobalSection
EndGlobal
